
Microsoft Visual Studio Solution File, Format Version 12.00
# Visual Studio Version 17
VisualStudioVersion = 17.9.34701.34
MinimumVisualStudioVersion = 10.0.40219.1
Project("{FAE04EC0-301F-11D3-BF4B-00C04F79EFBC}") = "ProjectV2", "ProjectV2\ProjectV2.csproj", "{AB3E2D49-38F1-4F54-BCF7-5B398931ACC1}"
EndProject
Global
	GlobalSection(SolutionConfigurationPlatforms) = preSolution
		Debug|Any CPU = Debug|Any CPU
		Release|Any CPU = Release|Any CPU
	EndGlobalSection
	GlobalSection(ProjectConfigurationPlatforms) = postSolution
		{AB3E2D49-38F1-4F54-BCF7-5B398931ACC1}.Debug|Any CPU.ActiveCfg = Debug|Any CPU
		{AB3E2D49-38F1-4F54-BCF7-5B398931ACC1}.Debug|Any CPU.Build.0 = Debug|Any CPU
		{AB3E2D49-38F1-4F54-BCF7-5B398931ACC1}.Release|Any CPU.ActiveCfg = Release|Any CPU
		{AB3E2D49-38F1-4F54-BCF7-5B398931ACC1}.Release|Any CPU.Build.0 = Release|Any CPU
	EndGlobalSection
	GlobalSection(SolutionProperties) = preSolution
		HideSolutionNode = FALSE
	EndGlobalSection
	GlobalSection(ExtensibilityGlobals) = postSolution
		SolutionGuid = {EDAB54DB-ABE0-4E21-90E2-665168841602}
	EndGlobalSection
EndGlobal
